
Microsoft Visual Studio Solution File, Format Version 12.00
# Visual Studio 15
VisualStudioVersion = 15.0.28307.779
MinimumVisualStudioVersion = 10.0.40219.1
Project("{FAE04EC0-301F-11D3-BF4B-00C04F79EFBC}") = "MFPG", "MFPG\MFPG.csproj", "{2E0A0B4E-4719-4FD7-9C6C-899A6B2F1746}"
EndProject
Global
	GlobalSection(SolutionConfigurationPlatforms) = preSolution
		Debug|Any CPU = Debug|Any CPU
		Release|Any CPU = Release|Any CPU
	EndGlobalSection
	GlobalSection(ProjectConfigurationPlatforms) = postSolution
		{2E0A0B4E-4719-4FD7-9C6C-899A6B2F1746}.Debug|Any CPU.ActiveCfg = Debug|Any CPU
		{2E0A0B4E-4719-4FD7-9C6C-899A6B2F1746}.Debug|Any CPU.Build.0 = Debug|Any CPU
		{2E0A0B4E-4719-4FD7-9C6C-899A6B2F1746}.Release|Any CPU.ActiveCfg = Release|Any CPU
		{2E0A0B4E-4719-4FD7-9C6C-899A6B2F1746}.Release|Any CPU.Build.0 = Release|Any CPU
	EndGlobalSection
	GlobalSection(SolutionProperties) = preSolution
		HideSolutionNode = FALSE
	EndGlobalSection
	GlobalSection(ExtensibilityGlobals) = postSolution
		SolutionGuid = {6C1C45AA-F67F-46BB-A862-83F760ECBAB1}
	EndGlobalSection
EndGlobal
